{
  "originHash" : "e70d3525c8e2819a8b34f22909815dab5c700c25a06c32388f3930f7b3627768",
  "pins" : [
    {
      "identity" : "maplibre-gl-native-distribution",
      "kind" : "remoteSourceControl",
      "location" : "https://github.com/maplibre/maplibre-gl-native-distribution",
      "state" : {
        "revision" : "fdf460b7165f3798c2a131e99c3bae550e53072e",
        "version" : "6.20.0"
      }
    }
  ],
  "version" : 3
}
